PODS:
  - EasySwiftHook (3.3.2):
    - libffi-iOS (~> 3.3.6-iOS)
  - libffi-iOS (3.3.6-iOS)
  - LookinServer (1.1.2):
    - LookinServer/Core (= 1.1.2)
  - LookinServer/Core (1.1.2)
  - Parchment (3.2.0)

DEPENDENCIES:
  - EasySwiftHook
  - LookinServer
  - Parchment (~> 3.2)

SPEC REPOS:
  trunk:
    - EasySwiftHook
    - libffi-iOS
    - LookinServer
    - Parchment

SPEC CHECKSUMS:
  EasySwiftHook: dfb3d1451aa4630016c9d493742084e2151eb1c2
  libffi-iOS: 2932b5feac77dc5de0eca4a72269e2c9928a26af
  LookinServer: bb667a77f1ee594a8e91226e729dbe49f3401f5c
  Parchment: a43c440b22c8a60f7e0196b74339446d4d1d18ea

PODFILE CHECKSUM: 01b994b5c187688e01967308d2865a2570f36e28

COCOAPODS: 1.11.3
